Microsoft Visual Studio Solution File, Format Version 11.00
# Visual Studio 2008

Project("{9E70C540-D608-0146-BCE6-C669B4109C34}") = "CannonGame", "Assembly-CSharp-firstpass.csproj", "{EDF1E09F-2C24-7760-ACD5-5432BBECA9A4}"
EndProject
Project("{9E70C540-D608-0146-BCE6-C669B4109C34}") = "CannonGame", "Assembly-CSharp.csproj", "{3545651D-408B-FE85-B003-B8DEE0E0CAF0}"
EndProject
Project("{9E70C540-D608-0146-BCE6-C669B4109C34}") = "CannonGame", "Assembly-CSharp-Editor.csproj", "{BFC47C5F-08C0-68B6-1FA2-6458E371E9F0}"
EndProject
Global
	GlobalSection(SolutionConfigurationPlatforms) = preSolution
		Debug|Any CPU = Debug|Any CPU
		Release|Any CPU = Release|Any CPU
	EndGlobalSection
	GlobalSection(ProjectConfigurationPlatforms) = postSolution
		{EDF1E09F-2C24-7760-ACD5-5432BBECA9A4}.Debug|Any CPU.ActiveCfg = Debug|Any CPU
		{EDF1E09F-2C24-7760-ACD5-5432BBECA9A4}.Debug|Any CPU.Build.0 = Debug|Any CPU
		{EDF1E09F-2C24-7760-ACD5-5432BBECA9A4}.Release|Any CPU.ActiveCfg = Release|Any CPU
		{EDF1E09F-2C24-7760-ACD5-5432BBECA9A4}.Release|Any CPU.Build.0 = Release|Any CPU
		{3545651D-408B-FE85-B003-B8DEE0E0CAF0}.Debug|Any CPU.ActiveCfg = Debug|Any CPU
		{3545651D-408B-FE85-B003-B8DEE0E0CAF0}.Debug|Any CPU.Build.0 = Debug|Any CPU
		{3545651D-408B-FE85-B003-B8DEE0E0CAF0}.Release|Any CPU.ActiveCfg = Release|Any CPU
		{3545651D-408B-FE85-B003-B8DEE0E0CAF0}.Release|Any CPU.Build.0 = Release|Any CPU
		{BFC47C5F-08C0-68B6-1FA2-6458E371E9F0}.Debug|Any CPU.ActiveCfg = Debug|Any CPU
		{BFC47C5F-08C0-68B6-1FA2-6458E371E9F0}.Debug|Any CPU.Build.0 = Debug|Any CPU
		{BFC47C5F-08C0-68B6-1FA2-6458E371E9F0}.Release|Any CPU.ActiveCfg = Release|Any CPU
		{BFC47C5F-08C0-68B6-1FA2-6458E371E9F0}.Release|Any CPU.Build.0 = Release|Any CPU
	EndGlobalSection
	GlobalSection(SolutionProperties) = preSolution
		HideSolutionNode = FALSE
	EndGlobalSection
																																																									GlobalSection(MonoDevelopProperties) = preSolution
		StartupItem = Assembly-CSharp.csproj
		Policies = $0
		$0.TextStylePolicy = $1
		$1.inheritsSet = null
		$1.scope = text/x-csharp
		$0.CSharpFormattingPolicy = $2
		$2.inheritsSet = Mono
		$2.inheritsScope = text/x-csharp
		$2.scope = text/x-csharp
		$0.TextStylePolicy = $3
		$3.FileWidth = 120
		$3.TabWidth = 4
		$3.IndentWidth = 4
		$3.EolMarker = Unix
		$3.inheritsSet = Mono
		$3.inheritsScope = text/plain
		$3.scope = text/plain
	EndGlobalSection

EndGlobal
