
Microsoft Visual Studio Solution File, Format Version 12.00
# Visual Studio 2015
Project("{FAE04EC0-301F-11D3-BF4B-00C04F79EFBC}") = "UnityVS.CannonGame.CSharp.Editor", "UnityVS.CannonGame.CSharp.Editor.csproj", "{17B972CB-9A30-97DC-9338-8B9E7344D390}"
EndProject
Project("{FAE04EC0-301F-11D3-BF4B-00C04F79EFBC}") = "UnityVS.CannonGame.CSharp", "UnityVS.CannonGame.CSharp.csproj", "{BB873E9A-EF57-D9A5-B8A4-A7DD506AC1F4}"
EndProject
Project("{FAE04EC0-301F-11D3-BF4B-00C04F79EFBC}") = "UnityVS.CannonGame.CSharp.Plugins", "UnityVS.CannonGame.CSharp.Plugins.csproj", "{08109D34-FFE1-8C74-4103-A35498850A88}"
EndProject
Global
	GlobalSection(SolutionConfigurationPlatforms) = preSolution
		Debug|Any CPU = Debug|Any CPU
		Release|Any CPU = Release|Any CPU
	EndGlobalSection
	GlobalSection(ProjectConfigurationPlatforms) = postSolution
		{17B972CB-9A30-97DC-9338-8B9E7344D390}.Debug|Any CPU.ActiveCfg = Debug|Any CPU
		{17B972CB-9A30-97DC-9338-8B9E7344D390}.Debug|Any CPU.Build.0 = Debug|Any CPU
		{17B972CB-9A30-97DC-9338-8B9E7344D390}.Release|Any CPU.ActiveCfg = Release|Any CPU
		{17B972CB-9A30-97DC-9338-8B9E7344D390}.Release|Any CPU.Build.0 = Release|Any CPU
		{BB873E9A-EF57-D9A5-B8A4-A7DD506AC1F4}.Debug|Any CPU.ActiveCfg = Debug|Any CPU
		{BB873E9A-EF57-D9A5-B8A4-A7DD506AC1F4}.Debug|Any CPU.Build.0 = Debug|Any CPU
		{BB873E9A-EF57-D9A5-B8A4-A7DD506AC1F4}.Release|Any CPU.ActiveCfg = Release|Any CPU
		{BB873E9A-EF57-D9A5-B8A4-A7DD506AC1F4}.Release|Any CPU.Build.0 = Release|Any CPU
		{08109D34-FFE1-8C74-4103-A35498850A88}.Debug|Any CPU.ActiveCfg = Debug|Any CPU
		{08109D34-FFE1-8C74-4103-A35498850A88}.Debug|Any CPU.Build.0 = Debug|Any CPU
		{08109D34-FFE1-8C74-4103-A35498850A88}.Release|Any CPU.ActiveCfg = Release|Any CPU
		{08109D34-FFE1-8C74-4103-A35498850A88}.Release|Any CPU.Build.0 = Release|Any CPU
	EndGlobalSection
	GlobalSection(SolutionProperties) = preSolution
		HideSolutionNode = FALSE
	EndGlobalSection
EndGlobal
